
Microsoft Visual Studio Solution File, Format Version 12.00
# Visual Studio Version 17
VisualStudioVersion = 17.3.32922.545
MinimumVisualStudioVersion = 10.0.40219.1
Project("{FAE04EC0-301F-11D3-BF4B-00C04F79EFBC}") = "Anatomy", "Anatomy\Anatomy.csproj", "{41173F1C-81FC-42AB-83B7-3F634E799D88}"
EndProject
Project("{9A19103F-16F7-4668-BE54-9A1E7A4F7556}") = "Shared", "..\Linq_Lesson_018-master\Shared\Shared.csproj", "{AD823093-5F87-41AE-AE6E-98FD94E3A79F}"
EndProject
Global
	GlobalSection(SolutionConfigurationPlatforms) = preSolution
		Debug|Any CPU = Debug|Any CPU
		Release|Any CPU = Release|Any CPU
	EndGlobalSection
	GlobalSection(ProjectConfigurationPlatforms) = postSolution
		{41173F1C-81FC-42AB-83B7-3F634E799D88}.Debug|Any CPU.ActiveCfg = Debug|Any CPU
		{41173F1C-81FC-42AB-83B7-3F634E799D88}.Debug|Any CPU.Build.0 = Debug|Any CPU
		{41173F1C-81FC-42AB-83B7-3F634E799D88}.Release|Any CPU.ActiveCfg = Release|Any CPU
		{41173F1C-81FC-42AB-83B7-3F634E799D88}.Release|Any CPU.Build.0 = Release|Any CPU
		{AD823093-5F87-41AE-AE6E-98FD94E3A79F}.Debug|Any CPU.ActiveCfg = Debug|Any CPU
		{AD823093-5F87-41AE-AE6E-98FD94E3A79F}.Debug|Any CPU.Build.0 = Debug|Any CPU
		{AD823093-5F87-41AE-AE6E-98FD94E3A79F}.Release|Any CPU.ActiveCfg = Release|Any CPU
		{AD823093-5F87-41AE-AE6E-98FD94E3A79F}.Release|Any CPU.Build.0 = Release|Any CPU
	EndGlobalSection
	GlobalSection(SolutionProperties) = preSolution
		HideSolutionNode = FALSE
	EndGlobalSection
	GlobalSection(ExtensibilityGlobals) = postSolution
		SolutionGuid = {68A04453-8AEC-42BB-8D0E-FBAB99898F20}
	EndGlobalSection
EndGlobal
