
Microsoft Visual Studio Solution File, Format Version 12.00
# Visual Studio Version 17
VisualStudioVersion = 17.3.32922.545
MinimumVisualStudioVersion = 10.0.40219.1
Project("{FAE04EC0-301F-11D3-BF4B-00C04F79EFBC}") = "Join Operations", "Join Operations\Join Operations.csproj", "{810A909D-5B80-45C3-A804-C34EDFADAF49}"
EndProject
Project("{9A19103F-16F7-4668-BE54-9A1E7A4F7556}") = "LINQTut09.Shared", "..\Linq_Lesson_009-master\LINQTut09.Shared\LINQTut09.Shared.csproj", "{8A23D62F-F73F-4434-BBAE-C3E284BF7D4D}"
EndProject
Global
	GlobalSection(SolutionConfigurationPlatforms) = preSolution
		Debug|Any CPU = Debug|Any CPU
		Release|Any CPU = Release|Any CPU
	EndGlobalSection
	GlobalSection(ProjectConfigurationPlatforms) = postSolution
		{810A909D-5B80-45C3-A804-C34EDFADAF49}.Debug|Any CPU.ActiveCfg = Debug|Any CPU
		{810A909D-5B80-45C3-A804-C34EDFADAF49}.Debug|Any CPU.Build.0 = Debug|Any CPU
		{810A909D-5B80-45C3-A804-C34EDFADAF49}.Release|Any CPU.ActiveCfg = Release|Any CPU
		{810A909D-5B80-45C3-A804-C34EDFADAF49}.Release|Any CPU.Build.0 = Release|Any CPU
		{8A23D62F-F73F-4434-BBAE-C3E284BF7D4D}.Debug|Any CPU.ActiveCfg = Debug|Any CPU
		{8A23D62F-F73F-4434-BBAE-C3E284BF7D4D}.Debug|Any CPU.Build.0 = Debug|Any CPU
		{8A23D62F-F73F-4434-BBAE-C3E284BF7D4D}.Release|Any CPU.ActiveCfg = Release|Any CPU
		{8A23D62F-F73F-4434-BBAE-C3E284BF7D4D}.Release|Any CPU.Build.0 = Release|Any CPU
	EndGlobalSection
	GlobalSection(SolutionProperties) = preSolution
		HideSolutionNode = FALSE
	EndGlobalSection
	GlobalSection(ExtensibilityGlobals) = postSolution
		SolutionGuid = {C28EC150-29FD-4527-BAE8-70EF734214CC}
	EndGlobalSection
EndGlobal
