
Microsoft Visual Studio Solution File, Format Version 12.00
# Visual Studio Version 17
VisualStudioVersion = 17.3.32922.545
MinimumVisualStudioVersion = 10.0.40219.1
Project("{FAE04EC0-301F-11D3-BF4B-00C04F79EFBC}") = "Empty", "Generation Operations\Empty.csproj", "{97563CE7-3CAA-46CC-8675-683790F9933C}"
EndProject
Project("{9A19103F-16F7-4668-BE54-9A1E7A4F7556}") = "Shared", "..\Linq_Lesson_010-master\Shared\Shared.csproj", "{EC60CE63-49D2-4AEF-892A-AF3C1ACD56EB}"
EndProject
Project("{FAE04EC0-301F-11D3-BF4B-00C04F79EFBC}") = "defaultIfEmpty", "defaultIfEmpty\defaultIfEmpty.csproj", "{CE48121A-6989-4B12-87A4-D3B96C826CF8}"
EndProject
Project("{FAE04EC0-301F-11D3-BF4B-00C04F79EFBC}") = "RangeOperation", "RangeOperation\RangeOperation.csproj", "{76FC3556-A19B-440B-BC39-7F4CA6AE0C39}"
EndProject
Project("{FAE04EC0-301F-11D3-BF4B-00C04F79EFBC}") = "Repeat", "Repeat\Repeat.csproj", "{CDC07CD3-0657-4741-8C40-3BE3FCCF9B8B}"
EndProject
Global
	GlobalSection(SolutionConfigurationPlatforms) = preSolution
		Debug|Any CPU = Debug|Any CPU
		Release|Any CPU = Release|Any CPU
	EndGlobalSection
	GlobalSection(ProjectConfigurationPlatforms) = postSolution
		{97563CE7-3CAA-46CC-8675-683790F9933C}.Debug|Any CPU.ActiveCfg = Debug|Any CPU
		{97563CE7-3CAA-46CC-8675-683790F9933C}.Debug|Any CPU.Build.0 = Debug|Any CPU
		{97563CE7-3CAA-46CC-8675-683790F9933C}.Release|Any CPU.ActiveCfg = Release|Any CPU
		{97563CE7-3CAA-46CC-8675-683790F9933C}.Release|Any CPU.Build.0 = Release|Any CPU
		{EC60CE63-49D2-4AEF-892A-AF3C1ACD56EB}.Debug|Any CPU.ActiveCfg = Debug|Any CPU
		{EC60CE63-49D2-4AEF-892A-AF3C1ACD56EB}.Debug|Any CPU.Build.0 = Debug|Any CPU
		{EC60CE63-49D2-4AEF-892A-AF3C1ACD56EB}.Release|Any CPU.ActiveCfg = Release|Any CPU
		{EC60CE63-49D2-4AEF-892A-AF3C1ACD56EB}.Release|Any CPU.Build.0 = Release|Any CPU
		{CE48121A-6989-4B12-87A4-D3B96C826CF8}.Debug|Any CPU.ActiveCfg = Debug|Any CPU
		{CE48121A-6989-4B12-87A4-D3B96C826CF8}.Debug|Any CPU.Build.0 = Debug|Any CPU
		{CE48121A-6989-4B12-87A4-D3B96C826CF8}.Release|Any CPU.ActiveCfg = Release|Any CPU
		{CE48121A-6989-4B12-87A4-D3B96C826CF8}.Release|Any CPU.Build.0 = Release|Any CPU
		{76FC3556-A19B-440B-BC39-7F4CA6AE0C39}.Debug|Any CPU.ActiveCfg = Debug|Any CPU
		{76FC3556-A19B-440B-BC39-7F4CA6AE0C39}.Debug|Any CPU.Build.0 = Debug|Any CPU
		{76FC3556-A19B-440B-BC39-7F4CA6AE0C39}.Release|Any CPU.ActiveCfg = Release|Any CPU
		{76FC3556-A19B-440B-BC39-7F4CA6AE0C39}.Release|Any CPU.Build.0 = Release|Any CPU
		{CDC07CD3-0657-4741-8C40-3BE3FCCF9B8B}.Debug|Any CPU.ActiveCfg = Debug|Any CPU
		{CDC07CD3-0657-4741-8C40-3BE3FCCF9B8B}.Debug|Any CPU.Build.0 = Debug|Any CPU
		{CDC07CD3-0657-4741-8C40-3BE3FCCF9B8B}.Release|Any CPU.ActiveCfg = Release|Any CPU
		{CDC07CD3-0657-4741-8C40-3BE3FCCF9B8B}.Release|Any CPU.Build.0 = Release|Any CPU
	EndGlobalSection
	GlobalSection(SolutionProperties) = preSolution
		HideSolutionNode = FALSE
	EndGlobalSection
	GlobalSection(ExtensibilityGlobals) = postSolution
		SolutionGuid = {58B59159-4C4B-4EC6-8F55-21E8E4669C37}
	EndGlobalSection
EndGlobal
