
Microsoft Visual Studio Solution File, Format Version 12.00
# Visual Studio Version 16
VisualStudioVersion = 16.0.32630.194
MinimumVisualStudioVersion = 10.0.40219.1
Project("{FAE04EC0-301F-11D3-BF4B-00C04F79EFBC}") = "Grouping Data", "Grouping Data\Grouping Data.csproj", "{91E4E4D5-2333-4388-8A05-2D60BA8DFC58}"
EndProject
Project("{9A19103F-16F7-4668-BE54-9A1E7A4F7556}") = "LINQTut08.Shared", "..\Quantifiers\LINQTut07.Shared\LINQTut08.Shared.csproj", "{C60199BA-D803-4AFA-960B-E7BE5999F452}"
EndProject
Global
	GlobalSection(SolutionConfigurationPlatforms) = preSolution
		Debug|Any CPU = Debug|Any CPU
		Release|Any CPU = Release|Any CPU
	EndGlobalSection
	GlobalSection(ProjectConfigurationPlatforms) = postSolution
		{91E4E4D5-2333-4388-8A05-2D60BA8DFC58}.Debug|Any CPU.ActiveCfg = Debug|Any CPU
		{91E4E4D5-2333-4388-8A05-2D60BA8DFC58}.Debug|Any CPU.Build.0 = Debug|Any CPU
		{91E4E4D5-2333-4388-8A05-2D60BA8DFC58}.Release|Any CPU.ActiveCfg = Release|Any CPU
		{91E4E4D5-2333-4388-8A05-2D60BA8DFC58}.Release|Any CPU.Build.0 = Release|Any CPU
		{C60199BA-D803-4AFA-960B-E7BE5999F452}.Debug|Any CPU.ActiveCfg = Debug|Any CPU
		{C60199BA-D803-4AFA-960B-E7BE5999F452}.Debug|Any CPU.Build.0 = Debug|Any CPU
		{C60199BA-D803-4AFA-960B-E7BE5999F452}.Release|Any CPU.ActiveCfg = Release|Any CPU
		{C60199BA-D803-4AFA-960B-E7BE5999F452}.Release|Any CPU.Build.0 = Release|Any CPU
	EndGlobalSection
	GlobalSection(SolutionProperties) = preSolution
		HideSolutionNode = FALSE
	EndGlobalSection
	GlobalSection(ExtensibilityGlobals) = postSolution
		SolutionGuid = {07134F0B-0824-4040-AD1E-B6C081A037DD}
	EndGlobalSection
EndGlobal
